
Microsoft Visual Studio Solution File, Format Version 12.00
# Visual Studio Version 16
VisualStudioVersion = 16.0.30114.105
MinimumVisualStudioVersion = 10.0.40219.1
Project("{FAE04EC0-301F-11D3-BF4B-00C04F79EFBC}") = "Exercise", "Exercise\Exercise.csproj", "{65B65CFE-6E12-40C9-B13C-01EC3E9599B1}"
EndProject
Project("{FAE04EC0-301F-11D3-BF4B-00C04F79EFBC}") = "Numeric Types", "Numeric Types\Numeric Types.csproj", "{6D151AE3-DB78-4CD4-ABB5-F7B860DE3E01}"
EndProject
Global
	GlobalSection(SolutionConfigurationPlatforms) = preSolution
		Debug|Any CPU = Debug|Any CPU
		Release|Any CPU = Release|Any CPU
	EndGlobalSection
	GlobalSection(ProjectConfigurationPlatforms) = postSolution
		{65B65CFE-6E12-40C9-B13C-01EC3E9599B1}.Debug|Any CPU.ActiveCfg = Debug|Any CPU
		{65B65CFE-6E12-40C9-B13C-01EC3E9599B1}.Debug|Any CPU.Build.0 = Debug|Any CPU
		{65B65CFE-6E12-40C9-B13C-01EC3E9599B1}.Release|Any CPU.ActiveCfg = Release|Any CPU
		{65B65CFE-6E12-40C9-B13C-01EC3E9599B1}.Release|Any CPU.Build.0 = Release|Any CPU
		{6D151AE3-DB78-4CD4-ABB5-F7B860DE3E01}.Debug|Any CPU.ActiveCfg = Debug|Any CPU
		{6D151AE3-DB78-4CD4-ABB5-F7B860DE3E01}.Debug|Any CPU.Build.0 = Debug|Any CPU
		{6D151AE3-DB78-4CD4-ABB5-F7B860DE3E01}.Release|Any CPU.ActiveCfg = Release|Any CPU
		{6D151AE3-DB78-4CD4-ABB5-F7B860DE3E01}.Release|Any CPU.Build.0 = Release|Any CPU
	EndGlobalSection
	GlobalSection(SolutionProperties) = preSolution
		HideSolutionNode = FALSE
	EndGlobalSection
	GlobalSection(ExtensibilityGlobals) = postSolution
		SolutionGuid = {3C83C0F9-CD49-4862-A0BC-ABF211D86AB3}
	EndGlobalSection
EndGlobal
